
Microsoft Visual Studio Solution File, Format Version 12.00
# Visual Studio Version 17
VisualStudioVersion = 17.5.33424.131
MinimumVisualStudioVersion = 10.0.40219.1
Project("{FAE04EC0-301F-11D3-BF4B-00C04F79EFBC}") = "ProjFormula1Mongo", "ProjFormula1Mongo\ProjFormula1Mongo.csproj", "{24D51BD3-530F-484C-9B95-4481D5260248}"
EndProject
Global
	GlobalSection(SolutionConfigurationPlatforms) = preSolution
		Debug|Any CPU = Debug|Any CPU
		Release|Any CPU = Release|Any CPU
	EndGlobalSection
	GlobalSection(ProjectConfigurationPlatforms) = postSolution
		{24D51BD3-530F-484C-9B95-4481D5260248}.Debug|Any CPU.ActiveCfg = Debug|Any CPU
		{24D51BD3-530F-484C-9B95-4481D5260248}.Debug|Any CPU.Build.0 = Debug|Any CPU
		{24D51BD3-530F-484C-9B95-4481D5260248}.Release|Any CPU.ActiveCfg = Release|Any CPU
		{24D51BD3-530F-484C-9B95-4481D5260248}.Release|Any CPU.Build.0 = Release|Any CPU
	EndGlobalSection
	GlobalSection(SolutionProperties) = preSolution
		HideSolutionNode = FALSE
	EndGlobalSection
	GlobalSection(ExtensibilityGlobals) = postSolution
		SolutionGuid = {F73DB0A8-57CF-45AB-BCFB-F3048BD86769}
	EndGlobalSection
EndGlobal
